
Microsoft Visual Studio Solution File, Format Version 12.00
# Visual Studio Version 16
VisualStudioVersion = 16.0.29503.13
MinimumVisualStudioVersion = 10.0.40219.1
Project("{9A19103F-16F7-4668-BE54-9A1E7A4F7556}") = "Zwyssigly.ValueObjects", "Zwyssigly.ValueObjects\Zwyssigly.ValueObjects.csproj", "{9BE415F6-25F3-43C8-AB91-4DBFDDBC6DB8}"
EndProject
Global
	GlobalSection(SolutionConfigurationPlatforms) = preSolution
		Debug|Any CPU = Debug|Any CPU
		Release|Any CPU = Release|Any CPU
	EndGlobalSection
	GlobalSection(ProjectConfigurationPlatforms) = postSolution
		{9BE415F6-25F3-43C8-AB91-4DBFDDBC6DB8}.Debug|Any CPU.ActiveCfg = Debug|Any CPU
		{9BE415F6-25F3-43C8-AB91-4DBFDDBC6DB8}.Debug|Any CPU.Build.0 = Debug|Any CPU
		{9BE415F6-25F3-43C8-AB91-4DBFDDBC6DB8}.Release|Any CPU.ActiveCfg = Release|Any CPU
		{9BE415F6-25F3-43C8-AB91-4DBFDDBC6DB8}.Release|Any CPU.Build.0 = Release|Any CPU
	EndGlobalSection
	GlobalSection(SolutionProperties) = preSolution
		HideSolutionNode = FALSE
	EndGlobalSection
	GlobalSection(ExtensibilityGlobals) = postSolution
		SolutionGuid = {89B346BC-920F-421C-9366-A3FDB96CF8D6}
	EndGlobalSection
EndGlobal
